
Microsoft Visual Studio Solution File, Format Version 12.00
# Visual Studio 14
VisualStudioVersion = 14.0.25420.1
MinimumVisualStudioVersion = 10.0.40219.1
Project("{FAE04EC0-301F-11D3-BF4B-00C04F79EFBC}") = "MVCUnitTesting", "MVCUnitTesting\MVCUnitTesting.csproj", "{C5D47ADB-ABB7-4229-8254-711AE35EF1EF}"
EndProject
Project("{FAE04EC0-301F-11D3-BF4B-00C04F79EFBC}") = "MVCUnitTesting.Tests", "MVCUnitTesting.Tests\MVCUnitTesting.Tests.csproj", "{ED0F9971-1C2E-49DA-B6D6-279F3F3A500E}"
EndProject
Global
	GlobalSection(SolutionConfigurationPlatforms) = preSolution
		Debug|Any CPU = Debug|Any CPU
		Release|Any CPU = Release|Any CPU
	EndGlobalSection
	GlobalSection(ProjectConfigurationPlatforms) = postSolution
		{C5D47ADB-ABB7-4229-8254-711AE35EF1EF}.Debug|Any CPU.ActiveCfg = Debug|Any CPU
		{C5D47ADB-ABB7-4229-8254-711AE35EF1EF}.Debug|Any CPU.Build.0 = Debug|Any CPU
		{C5D47ADB-ABB7-4229-8254-711AE35EF1EF}.Release|Any CPU.ActiveCfg = Release|Any CPU
		{C5D47ADB-ABB7-4229-8254-711AE35EF1EF}.Release|Any CPU.Build.0 = Release|Any CPU
		{ED0F9971-1C2E-49DA-B6D6-279F3F3A500E}.Debug|Any CPU.ActiveCfg = Debug|Any CPU
		{ED0F9971-1C2E-49DA-B6D6-279F3F3A500E}.Debug|Any CPU.Build.0 = Debug|Any CPU
		{ED0F9971-1C2E-49DA-B6D6-279F3F3A500E}.Release|Any CPU.ActiveCfg = Release|Any CPU
		{ED0F9971-1C2E-49DA-B6D6-279F3F3A500E}.Release|Any CPU.Build.0 = Release|Any CPU
	EndGlobalSection
	GlobalSection(SolutionProperties) = preSolution
		HideSolutionNode = FALSE
	EndGlobalSection
EndGlobal
